// !$*UTF8*$!
{
	archiveVersion = 1;
	classes = {
	};
	objectVersion = 48;
	objects = {

/* Begin PBXBuildFile section */
		1447B276DF4D0E0407F2D027 /* Pods_TravelApp.framework in Frameworks */ = {isa = PBXBuildFile; fileRef = FD2082BC56A66F16FFB9D963 /* Pods_TravelApp.framework */; };
		4F14053C2052CF5700DE135D /* CityViewController.swift in Sources */ = {isa = PBXBuildFile; fileRef = 4F14053B2052CF5700DE135D /* CityViewController.swift */; };
		4F14053E2052D13F00DE135D /* PhotosCollectionViewCell.swift in Sources */ = {isa = PBXBuildFile; fileRef = 4F14053D2052D13F00DE135D /* PhotosCollectionViewCell.swift */; };
		4F1F63DF204EDA0800148499 /* AppDelegate.swift in Sources */ = {isa = PBXBuildFile; fileRef = 4F1F63DE204EDA0800148499 /* AppDelegate.swift */; };
		4F1F63E1204EDA0800148499 /* SplashViewController.swift in Sources */ = {isa = PBXBuildFile; fileRef = 4F1F63E0204EDA0800148499 /* SplashViewController.swift */; };
		4F1F63E4204EDA0800148499 /* Main.storyboard in Resources */ = {isa = PBXBuildFile; fileRef = 4F1F63E2204EDA0800148499 /* Main.storyboard */; };
		4F1F63E6204EDA0800148499 /* Assets.xcassets in Resources */ = {isa = PBXBuildFile; fileRef = 4F1F63E5204EDA0800148499 /* Assets.xcassets */; };
		4F1F63E9204EDA0800148499 /* LaunchScreen.storyboard in Resources */ = {isa = PBXBuildFile; fileRef = 4F1F63E7204EDA0800148499 /* LaunchScreen.storyboard */; };
		4F310FFE206BF36800D8E9F8 /* ExploreInfoViewController.swift in Sources */ = {isa = PBXBuildFile; fileRef = 4F310FFD206BF36800D8E9F8 /* ExploreInfoViewController.swift */; };
		4F4FAD0820580A48006D2ADB /* ExploreViewController.swift in Sources */ = {isa = PBXBuildFile; fileRef = 4F4FAD0720580A48006D2ADB /* ExploreViewController.swift */; };
		4F4FAD0A20580A89006D2ADB /* ExploreCollectionViewCell.swift in Sources */ = {isa = PBXBuildFile; fileRef = 4F4FAD0920580A89006D2ADB /* ExploreCollectionViewCell.swift */; };
		4F619F54205198660020DAB5 /* CountryInfoCollectionViewCell.swift in Sources */ = {isa = PBXBuildFile; fileRef = 4F619F53205198660020DAB5 /* CountryInfoCollectionViewCell.swift */; };
		4F691D7320627C01006CF28E /* SpotViewController.swift in Sources */ = {isa = PBXBuildFile; fileRef = 4F691D7220627C01006CF28E /* SpotViewController.swift */; };
		4F723E7B2063B383009FB43B /* TripsCollectionViewCell.swift in Sources */ = {isa = PBXBuildFile; fileRef = 4F723E7A2063B382009FB43B /* TripsCollectionViewCell.swift */; };
		4F723E7D2063B3E1009FB43B /* ProfileEditViewController.swift in Sources */ = {isa = PBXBuildFile; fileRef = 4F723E7C2063B3E1009FB43B /* ProfileEditViewController.swift */; };
		4F723E7F2063BC73009FB43B /* UISwitchCustom.swift in Sources */ = {isa = PBXBuildFile; fileRef = 4F723E7E2063BC73009FB43B /* UISwitchCustom.swift */; };
		4F723E812063F086009FB43B /* ContinentCollectionViewCell.swift in Sources */ = {isa = PBXBuildFile; fileRef = 4F723E802063F086009FB43B /* ContinentCollectionViewCell.swift */; };
		4F723E832063F1CA009FB43B /* FeaturesCollectionViewCell.swift in Sources */ = {isa = PBXBuildFile; fileRef = 4F723E822063F1CA009FB43B /* FeaturesCollectionViewCell.swift */; };
		4F723E8520640650009FB43B /* FiltersViewController.swift in Sources */ = {isa = PBXBuildFile; fileRef = 4F723E8420640650009FB43B /* FiltersViewController.swift */; };
		4F780C7B206A84D700F2A1BB /* Country.swift in Sources */ = {isa = PBXBuildFile; fileRef = 4F780C7A206A84D700F2A1BB /* Country.swift */; };
		4F780C7D206A9AE800F2A1BB /* City.swift in Sources */ = {isa = PBXBuildFile; fileRef = 4F780C7C206A9AE800F2A1BB /* City.swift */; };
		4F7D12B0206CFCD7004F9096 /* PhotoGalleryViewController.swift in Sources */ = {isa = PBXBuildFile; fileRef = 4F7D12AF206CFCD7004F9096 /* PhotoGalleryViewController.swift */; };
		4F7D12B2206D1BAF004F9096 /* PhotoGalleryCellCollectionViewCell.swift in Sources */ = {isa = PBXBuildFile; fileRef = 4F7D12B1206D1BAF004F9096 /* PhotoGalleryCellCollectionViewCell.swift */; };
		4F9A1C06205A6CAD002663EF /* RobotoSlab-Bold.ttf in Resources */ = {isa = PBXBuildFile; fileRef = 4F9A1C02205A6CA7002663EF /* RobotoSlab-Bold.ttf */; };
		4F9A1C07205A6CAD002663EF /* RobotoSlab-Light.ttf in Resources */ = {isa = PBXBuildFile; fileRef = 4F9A1C03205A6CA9002663EF /* RobotoSlab-Light.ttf */; };
		4F9A1C08205A6CAD002663EF /* RobotoSlab-Regular.ttf in Resources */ = {isa = PBXBuildFile; fileRef = 4F9A1C04205A6CAA002663EF /* RobotoSlab-Regular.ttf */; };
		4F9A1C09205A6CAD002663EF /* RobotoSlab-Thin.ttf in Resources */ = {isa = PBXBuildFile; fileRef = 4F9A1C05205A6CAC002663EF /* RobotoSlab-Thin.ttf */; };
		4F9A1C0B205A6FE3002663EF /* ActivityViewController.swift in Sources */ = {isa = PBXBuildFile; fileRef = 4F9A1C0A205A6FE3002663EF /* ActivityViewController.swift */; };
		4F9A1C0D205A7319002663EF /* ActivityYouViewController.swift in Sources */ = {isa = PBXBuildFile; fileRef = 4F9A1C0C205A7319002663EF /* ActivityYouViewController.swift */; };
		4F9A1C1A205A903C002663EF /* ActivityYouTableViewCell.swift in Sources */ = {isa = PBXBuildFile; fileRef = 4F9A1C18205A903C002663EF /* ActivityYouTableViewCell.swift */; };
		4F9A1C1B205A903C002663EF /* ActivityYouTableViewCell.xib in Resources */ = {isa = PBXBuildFile; fileRef = 4F9A1C19205A903C002663EF /* ActivityYouTableViewCell.xib */; };
		4F9A1C1D205ADEA1002663EF /* ProfileViewController.swift in Sources */ = {isa = PBXBuildFile; fileRef = 4F9A1C1C205ADEA1002663EF /* ProfileViewController.swift */; };
		4F9C0A4A20567E1F00017A55 /* SpotCollectionViewCell.swift in Sources */ = {isa = PBXBuildFile; fileRef = 4F9C0A4920567E1F00017A55 /* SpotCollectionViewCell.swift */; };
		4F9C950F2068DBF1007F6AD3 /* GoogleService-Info.plist in Resources */ = {isa = PBXBuildFile; fileRef = 4F9C950E2068DBF1007F6AD3 /* GoogleService-Info.plist */; };
		4F9C95122068DFC9007F6AD3 /* Constants.swift in Sources */ = {isa = PBXBuildFile; fileRef = 4F9C95112068DFC9007F6AD3 /* Constants.swift */; };
		4F9C95142068E5DF007F6AD3 /* AuthService.swift in Sources */ = {isa = PBXBuildFile; fileRef = 4F9C95132068E5DF007F6AD3 /* AuthService.swift */; };
		4F9C95162069002D007F6AD3 /* UtilitiesService.swift in Sources */ = {isa = PBXBuildFile; fileRef = 4F9C95152069002D007F6AD3 /* UtilitiesService.swift */; };
		4F9C951820690AA1007F6AD3 /* DataService.swift in Sources */ = {isa = PBXBuildFile; fileRef = 4F9C951720690AA1007F6AD3 /* DataService.swift */; };
		4F9C951A20694E12007F6AD3 /* LoadingIndicatorView.swift in Sources */ = {isa = PBXBuildFile; fileRef = 4F9C951920694E12007F6AD3 /* LoadingIndicatorView.swift */; };
		4FB07916205BBC9F001ABC55 /* ProfileTripsCollectionViewCell.swift in Sources */ = {isa = PBXBuildFile; fileRef = 4FB07915205BBC9F001ABC55 /* ProfileTripsCollectionViewCell.swift */; };
		4FC91898206B897F00B7B32B /* Spot.swift in Sources */ = {isa = PBXBuildFile; fileRef = 4FC91897206B897F00B7B32B /* Spot.swift */; };
		4FC9189A206B9A2B00B7B32B /* Post.swift in Sources */ = {isa = PBXBuildFile; fileRef = 4FC91899206B9A2B00B7B32B /* Post.swift */; };
		4FD814FA204FF3D900AE40B6 /* LoginViewController.swift in Sources */ = {isa = PBXBuildFile; fileRef = 4FD814F9204FF3D900AE40B6 /* LoginViewController.swift */; };
		4FD814FC204FF66600AE40B6 /* RegisterViewController.swift in Sources */ = {isa = PBXBuildFile; fileRef = 4FD814FB204FF66600AE40B6 /* RegisterViewController.swift */; };
		4FD814FE205028E900AE40B6 /* MainViewController.swift in Sources */ = {isa = PBXBuildFile; fileRef = 4FD814FD205028E900AE40B6 /* MainViewController.swift */; };
		4FD81501205029D600AE40B6 /* CountryCollectionViewCell.swift in Sources */ = {isa = PBXBuildFile; fileRef = 4FD81500205029D600AE40B6 /* CountryCollectionViewCell.swift */; };
		4FD844B220512F14003DCAC3 /* Data.swift in Sources */ = {isa = PBXBuildFile; fileRef = 4FD844B120512F14003DCAC3 /* Data.swift */; };
		4FD844B420513828003DCAC3 /* CountryViewController.swift in Sources */ = {isa = PBXBuildFile; fileRef = 4FD844B320513828003DCAC3 /* CountryViewController.swift */; };
		4FD844B6205194D0003DCAC3 /* CountryInfoViewController.swift in Sources */ = {isa = PBXBuildFile; fileRef = 4FD844B5205194D0003DCAC3 /* CountryInfoViewController.swift */; };
		4FECEF282056E2CC008006D9 /* NewsPhotoCollectionViewCell.swift in Sources */ = {isa = PBXBuildFile; fileRef = 4FECEF272056E2CC008006D9 /* NewsPhotoCollectionViewCell.swift */; };
		4FECEF2A2056E311008006D9 /* PhotosViewController.swift in Sources */ = {isa = PBXBuildFile; fileRef = 4FECEF292056E311008006D9 /* PhotosViewController.swift */; };
/* End PBXBuildFile section */

/* Begin PBXFileReference section */
		0E3702EF7024C55F198118D5 /* Pods-TravelApp.debug.xcconfig */ = {isa = PBXFileReference; includeInIndex = 1; lastKnownFileType = text.xcconfig; name = "Pods-TravelApp.debug.xcconfig"; path = "Pods/Target Support Files/Pods-TravelApp/Pods-TravelApp.debug.xcconfig"; sourceTree = "<group>"; };
		4F14053B2052CF5700DE135D /* CityViewController.swift */ = {isa = PBXFileReference; lastKnownFileType = sourcecode.swift; path = CityViewController.swift; sourceTree = "<group>"; };
		4F14053D2052D13F00DE135D /* PhotosCollectionViewCell.swift */ = {isa = PBXFileReference; lastKnownFileType = sourcecode.swift; path = PhotosCollectionViewCell.swift; sourceTree = "<group>"; };
		4F1F63DB204EDA0800148499 /* TravelApp.app */ = {isa = PBXFileReference; explicitFileType = wrapper.application; includeInIndex = 0; path = TravelApp.app; sourceTree = BUILT_PRODUCTS_DIR; };
		4F1F63DE204EDA0800148499 /* AppDelegate.swift */ = {isa = PBXFileReference; lastKnownFileType = sourcecode.swift; path = AppDelegate.swift; sourceTree = "<group>"; };
		4F1F63E0204EDA0800148499 /* SplashViewController.swift */ = {isa = PBXFileReference; lastKnownFileType = sourcecode.swift; path = SplashViewController.swift; sourceTree = "<group>"; };
		4F1F63E3204EDA0800148499 /* Base */ = {isa = PBXFileReference; lastKnownFileType = file.storyboard; name = Base; path = Base.lproj/Main.storyboard; sourceTree = "<group>"; };
		4F1F63E5204EDA0800148499 /* Assets.xcassets */ = {isa = PBXFileReference; lastKnownFileType = folder.assetcatalog; path = Assets.xcassets; sourceTree = "<group>"; };
		4F1F63E8204EDA0800148499 /* Base */ = {isa = PBXFileReference; lastKnownFileType = file.storyboard; name = Base; path = Base.lproj/LaunchScreen.storyboard; sourceTree = "<group>"; };
		4F1F63EA204EDA0800148499 /* Info.plist */ = {isa = PBXFileReference; lastKnownFileType = text.plist.xml; path = Info.plist; sourceTree = "<group>"; };
		4F310FFD206BF36800D8E9F8 /* ExploreInfoViewController.swift */ = {isa = PBXFileReference; lastKnownFileType = sourcecode.swift; path = ExploreInfoViewController.swift; sourceTree = "<group>"; };
		4F4FAD0720580A48006D2ADB /* ExploreViewController.swift */ = {isa = PBXFileReference; lastKnownFileType = sourcecode.swift; path = ExploreViewController.swift; sourceTree = "<group>"; };
		4F4FAD0920580A89006D2ADB /* ExploreCollectionViewCell.swift */ = {isa = PBXFileReference; lastKnownFileType = sourcecode.swift; path = ExploreCollectionViewCell.swift; sourceTree = "<group>"; };
		4F619F53205198660020DAB5 /* CountryInfoCollectionViewCell.swift */ = {isa = PBXFileReference; lastKnownFileType = sourcecode.swift; path = CountryInfoCollectionViewCell.swift; sourceTree = "<group>"; };
		4F691D7220627C01006CF28E /* SpotViewController.swift */ = {isa = PBXFileReference; lastKnownFileType = sourcecode.swift; path = SpotViewController.swift; sourceTree = "<group>"; };
		4F723E7A2063B382009FB43B /* TripsCollectionViewCell.swift */ = {isa = PBXFileReference; lastKnownFileType = sourcecode.swift; path = TripsCollectionViewCell.swift; sourceTree = "<group>"; };
		4F723E7C2063B3E1009FB43B /* ProfileEditViewController.swift */ = {isa = PBXFileReference; lastKnownFileType = sourcecode.swift; path = ProfileEditViewController.swift; sourceTree = "<group>"; };
		4F723E7E2063BC73009FB43B /* UISwitchCustom.swift */ = {isa = PBXFileReference; lastKnownFileType = sourcecode.swift; path = UISwitchCustom.swift; sourceTree = "<group>"; };
		4F723E802063F086009FB43B /* ContinentCollectionViewCell.swift */ = {isa = PBXFileReference; lastKnownFileType = sourcecode.swift; path = ContinentCollectionViewCell.swift; sourceTree = "<group>"; };
		4F723E822063F1CA009FB43B /* FeaturesCollectionViewCell.swift */ = {isa = PBXFileReference; lastKnownFileType = sourcecode.swift; path = FeaturesCollectionViewCell.swift; sourceTree = "<group>"; };
		4F723E8420640650009FB43B /* FiltersViewController.swift */ = {isa = PBXFileReference; lastKnownFileType = sourcecode.swift; path = FiltersViewController.swift; sourceTree = "<group>"; };
		4F780C7A206A84D700F2A1BB /* Country.swift */ = {isa = PBXFileReference; lastKnownFileType = sourcecode.swift; path = Country.swift; sourceTree = "<group>"; };
		4F780C7C206A9AE800F2A1BB /* City.swift */ = {isa = PBXFileReference; lastKnownFileType = sourcecode.swift; path = City.swift; sourceTree = "<group>"; };
		4F7D12AF206CFCD7004F9096 /* PhotoGalleryViewController.swift */ = {isa = PBXFileReference; lastKnownFileType = sourcecode.swift; path = PhotoGalleryViewController.swift; sourceTree = "<group>"; };
		4F7D12B1206D1BAF004F9096 /* PhotoGalleryCellCollectionViewCell.swift */ = {isa = PBXFileReference; lastKnownFileType = sourcecode.swift; path = PhotoGalleryCellCollectionViewCell.swift; sourceTree = "<group>"; };
		4F9A1C02205A6CA7002663EF /* RobotoSlab-Bold.ttf */ = {isa = PBXFileReference; lastKnownFileType = file; path = "RobotoSlab-Bold.ttf"; sourceTree = "<group>"; };
		4F9A1C03205A6CA9002663EF /* RobotoSlab-Light.ttf */ = {isa = PBXFileReference; lastKnownFileType = file; path = "RobotoSlab-Light.ttf"; sourceTree = "<group>"; };
		4F9A1C04205A6CAA002663EF /* RobotoSlab-Regular.ttf */ = {isa = PBXFileReference; lastKnownFileType = file; path = "RobotoSlab-Regular.ttf"; sourceTree = "<group>"; };
		4F9A1C05205A6CAC002663EF /* RobotoSlab-Thin.ttf */ = {isa = PBXFileReference; lastKnownFileType = file; path = "RobotoSlab-Thin.ttf"; sourceTree = "<group>"; };
		4F9A1C0A205A6FE3002663EF /* ActivityViewController.swift */ = {isa = PBXFileReference; lastKnownFileType = sourcecode.swift; path = ActivityViewController.swift; sourceTree = "<group>"; };
		4F9A1C0C205A7319002663EF /* ActivityYouViewController.swift */ = {isa = PBXFileReference; lastKnownFileType = sourcecode.swift; path = ActivityYouViewController.swift; sourceTree = "<group>"; };
		4F9A1C18205A903C002663EF /* ActivityYouTableViewCell.swift */ = {isa = PBXFileReference; lastKnownFileType = sourcecode.swift; path = ActivityYouTableViewCell.swift; sourceTree = "<group>"; };
		4F9A1C19205A903C002663EF /* ActivityYouTableViewCell.xib */ = {isa = PBXFileReference; lastKnownFileType = file.xib; path = ActivityYouTableViewCell.xib; sourceTree = "<group>"; };
		4F9A1C1C205ADEA1002663EF /* ProfileViewController.swift */ = {isa = PBXFileReference; lastKnownFileType = sourcecode.swift; path = ProfileViewController.swift; sourceTree = "<group>"; };
		4F9C0A4920567E1F00017A55 /* SpotCollectionViewCell.swift */ = {isa = PBXFileReference; lastKnownFileType = sourcecode.swift; path = SpotCollectionViewCell.swift; sourceTree = "<group>"; };
		4F9C950E2068DBF1007F6AD3 /* GoogleService-Info.plist */ = {isa = PBXFileReference; fileEncoding = 4; lastKnownFileType = text.plist.xml; path = "GoogleService-Info.plist"; sourceTree = "<group>"; };
		4F9C95112068DFC9007F6AD3 /* Constants.swift */ = {isa = PBXFileReference; lastKnownFileType = sourcecode.swift; path = Constants.swift; sourceTree = "<group>"; };
		4F9C95132068E5DF007F6AD3 /* AuthService.swift */ = {isa = PBXFileReference; lastKnownFileType = sourcecode.swift; path = AuthService.swift; sourceTree = "<group>"; };
		4F9C95152069002D007F6AD3 /* UtilitiesService.swift */ = {isa = PBXFileReference; lastKnownFileType = sourcecode.swift; path = UtilitiesService.swift; sourceTree = "<group>"; };
		4F9C951720690AA1007F6AD3 /* DataService.swift */ = {isa = PBXFileReference; lastKnownFileType = sourcecode.swift; path = DataService.swift; sourceTree = "<group>"; };
		4F9C951920694E12007F6AD3 /* LoadingIndicatorView.swift */ = {isa = PBXFileReference; lastKnownFileType = sourcecode.swift; path = LoadingIndicatorView.swift; sourceTree = "<group>"; };
		4FB07915205BBC9F001ABC55 /* ProfileTripsCollectionViewCell.swift */ = {isa = PBXFileReference; lastKnownFileType = sourcecode.swift; path = ProfileTripsCollectionViewCell.swift; sourceTree = "<group>"; };
		4FC91897206B897F00B7B32B /* Spot.swift */ = {isa = PBXFileReference; lastKnownFileType = sourcecode.swift; path = Spot.swift; sourceTree = "<group>"; };
		4FC91899206B9A2B00B7B32B /* Post.swift */ = {isa = PBXFileReference; lastKnownFileType = sourcecode.swift; path = Post.swift; sourceTree = "<group>"; };
		4FD814F9204FF3D900AE40B6 /* LoginViewController.swift */ = {isa = PBXFileReference; lastKnownFileType = sourcecode.swift; path = LoginViewController.swift; sourceTree = "<group>"; };
		4FD814FB204FF66600AE40B6 /* RegisterViewController.swift */ = {isa = PBXFileReference; lastKnownFileType = sourcecode.swift; path = RegisterViewController.swift; sourceTree = "<group>"; };
		4FD814FD205028E900AE40B6 /* MainViewController.swift */ = {isa = PBXFileReference; lastKnownFileType = sourcecode.swift; path = MainViewController.swift; sourceTree = "<group>"; };
		4FD81500205029D600AE40B6 /* CountryCollectionViewCell.swift */ = {isa = PBXFileReference; lastKnownFileType = sourcecode.swift; path = CountryCollectionViewCell.swift; sourceTree = "<group>"; };
		4FD844B120512F14003DCAC3 /* Data.swift */ = {isa = PBXFileReference; lastKnownFileType = sourcecode.swift; path = Data.swift; sourceTree = "<group>"; };
		4FD844B320513828003DCAC3 /* CountryViewController.swift */ = {isa = PBXFileReference; lastKnownFileType = sourcecode.swift; path = CountryViewController.swift; sourceTree = "<group>"; };
		4FD844B5205194D0003DCAC3 /* CountryInfoViewController.swift */ = {isa = PBXFileReference; lastKnownFileType = sourcecode.swift; path = CountryInfoViewController.swift; sourceTree = "<group>"; };
		4FECEF272056E2CC008006D9 /* NewsPhotoCollectionViewCell.swift */ = {isa = PBXFileReference; lastKnownFileType = sourcecode.swift; path = NewsPhotoCollectionViewCell.swift; sourceTree = "<group>"; };
		4FECEF292056E311008006D9 /* PhotosViewController.swift */ = {isa = PBXFileReference; lastKnownFileType = sourcecode.swift; path = PhotosViewController.swift; sourceTree = "<group>"; };
		F0AE7DA23B02F7D0D2E31C8E /* Pods-TravelApp.release.xcconfig */ = {isa = PBXFileReference; includeInIndex = 1; lastKnownFileType = text.xcconfig; name = "Pods-TravelApp.release.xcconfig"; path = "Pods/Target Support Files/Pods-TravelApp/Pods-TravelApp.release.xcconfig"; sourceTree = "<group>"; };
		FD2082BC56A66F16FFB9D963 /* Pods_TravelApp.framework */ = {isa = PBXFileReference; explicitFileType = wrapper.framework; includeInIndex = 0; path = Pods_TravelApp.framework; sourceTree = BUILT_PRODUCTS_DIR; };
/* End PBXFileReference section */

/* Begin PBXFrameworksBuildPhase section */
		4F1F63D8204EDA0800148499 /* Frameworks */ = {
			isa = PBXFrameworksBuildPhase;
			buildActionMask = 2147483647;
			files = (
				1447B276DF4D0E0407F2D027 /* Pods_TravelApp.framework in Frameworks */,
			);
			runOnlyForDeploymentPostprocessing = 0;
		};
/* End PBXFrameworksBuildPhase section */

/* Begin PBXGroup section */
		18D79164154A3541E5A08DE0 /* Pods */ = {
			isa = PBXGroup;
			children = (
				0E3702EF7024C55F198118D5 /* Pods-TravelApp.debug.xcconfig */,
				F0AE7DA23B02F7D0D2E31C8E /* Pods-TravelApp.release.xcconfig */,
			);
			name = Pods;
			sourceTree = "<group>";
		};
		4F1F63D2204EDA0800148499 = {
			isa = PBXGroup;
			children = (
				4F1F63DD204EDA0800148499 /* TravelApp */,
				4F1F63DC204EDA0800148499 /* Products */,
				18D79164154A3541E5A08DE0 /* Pods */,
				948D8A221231A17487C86013 /* Frameworks */,
			);
			sourceTree = "<group>";
		};
		4F1F63DC204EDA0800148499 /* Products */ = {
			isa = PBXGroup;
			children = (
				4F1F63DB204EDA0800148499 /* TravelApp.app */,
			);
			name = Products;
			sourceTree = "<group>";
		};
		4F1F63DD204EDA0800148499 /* TravelApp */ = {
			isa = PBXGroup;
			children = (
				4F9A1C0F205A8D7F002663EF /* Xibs */,
				4F9A1C01205A6C59002663EF /* Fonts */,
				4FD814FF205029AC00AE40B6 /* View */,
				4F780C79206A849800F2A1BB /* Model */,
				4FA68BF5204FE899000CA9AA /* Controller */,
				4F9C95102068DE3D007F6AD3 /* Services */,
				4FD844B020512EC9003DCAC3 /* Utilities */,
				4F1F63DE204EDA0800148499 /* AppDelegate.swift */,
				4F1F63EA204EDA0800148499 /* Info.plist */,
				4F9C950E2068DBF1007F6AD3 /* GoogleService-Info.plist */,
				4F1F63E5204EDA0800148499 /* Assets.xcassets */,
				4F1F63E2204EDA0800148499 /* Main.storyboard */,
				4F1F63E7204EDA0800148499 /* LaunchScreen.storyboard */,
			);
			path = TravelApp;
			sourceTree = "<group>";
		};
		4F780C79206A849800F2A1BB /* Model */ = {
			isa = PBXGroup;
			children = (
				4F780C7A206A84D700F2A1BB /* Country.swift */,
				4F780C7C206A9AE800F2A1BB /* City.swift */,
				4FC91897206B897F00B7B32B /* Spot.swift */,
				4FC91899206B9A2B00B7B32B /* Post.swift */,
			);
			path = Model;
			sourceTree = "<group>";
		};
		4F9A1C01205A6C59002663EF /* Fonts */ = {
			isa = PBXGroup;
			children = (
				4F9A1C02205A6CA7002663EF /* RobotoSlab-Bold.ttf */,
				4F9A1C03205A6CA9002663EF /* RobotoSlab-Light.ttf */,
				4F9A1C04205A6CAA002663EF /* RobotoSlab-Regular.ttf */,
				4F9A1C05205A6CAC002663EF /* RobotoSlab-Thin.ttf */,
			);
			path = Fonts;
			sourceTree = "<group>";
		};
		4F9A1C0F205A8D7F002663EF /* Xibs */ = {
			isa = PBXGroup;
			children = (
				4F9A1C19205A903C002663EF /* ActivityYouTableViewCell.xib */,
			);
			path = Xibs;
			sourceTree = "<group>";
		};
		4F9C95102068DE3D007F6AD3 /* Services */ = {
			isa = PBXGroup;
			children = (
				4F9C95132068E5DF007F6AD3 /* AuthService.swift */,
				4F9C95152069002D007F6AD3 /* UtilitiesService.swift */,
				4F9C951720690AA1007F6AD3 /* DataService.swift */,
			);
			path = Services;
			sourceTree = "<group>";
		};
		4FA68BF5204FE899000CA9AA /* Controller */ = {
			isa = PBXGroup;
			children = (
				4F1F63E0204EDA0800148499 /* SplashViewController.swift */,
				4FD814F9204FF3D900AE40B6 /* LoginViewController.swift */,
				4FD814FB204FF66600AE40B6 /* RegisterViewController.swift */,
				4FD814FD205028E900AE40B6 /* MainViewController.swift */,
				4FD844B320513828003DCAC3 /* CountryViewController.swift */,
				4FD844B5205194D0003DCAC3 /* CountryInfoViewController.swift */,
				4F14053B2052CF5700DE135D /* CityViewController.swift */,
				4FECEF292056E311008006D9 /* PhotosViewController.swift */,
				4F4FAD0720580A48006D2ADB /* ExploreViewController.swift */,
				4F9A1C0A205A6FE3002663EF /* ActivityViewController.swift */,
				4F9A1C0C205A7319002663EF /* ActivityYouViewController.swift */,
				4F9A1C1C205ADEA1002663EF /* ProfileViewController.swift */,
				4F691D7220627C01006CF28E /* SpotViewController.swift */,
				4F723E7C2063B3E1009FB43B /* ProfileEditViewController.swift */,
				4F723E8420640650009FB43B /* FiltersViewController.swift */,
				4F310FFD206BF36800D8E9F8 /* ExploreInfoViewController.swift */,
				4F7D12AF206CFCD7004F9096 /* PhotoGalleryViewController.swift */,
			);
			path = Controller;
			sourceTree = "<group>";
		};
		4FD814FF205029AC00AE40B6 /* View */ = {
			isa = PBXGroup;
			children = (
				4FD81500205029D600AE40B6 /* CountryCollectionViewCell.swift */,
				4F619F53205198660020DAB5 /* CountryInfoCollectionViewCell.swift */,
				4F14053D2052D13F00DE135D /* PhotosCollectionViewCell.swift */,
				4F9C0A4920567E1F00017A55 /* SpotCollectionViewCell.swift */,
				4FECEF272056E2CC008006D9 /* NewsPhotoCollectionViewCell.swift */,
				4F4FAD0920580A89006D2ADB /* ExploreCollectionViewCell.swift */,
				4F9A1C18205A903C002663EF /* ActivityYouTableViewCell.swift */,
				4FB07915205BBC9F001ABC55 /* ProfileTripsCollectionViewCell.swift */,
				4F723E7A2063B382009FB43B /* TripsCollectionViewCell.swift */,
				4F723E802063F086009FB43B /* ContinentCollectionViewCell.swift */,
				4F723E822063F1CA009FB43B /* FeaturesCollectionViewCell.swift */,
				4F7D12B1206D1BAF004F9096 /* PhotoGalleryCellCollectionViewCell.swift */,
			);
			path = View;
			sourceTree = "<group>";
		};
		4FD844B020512EC9003DCAC3 /* Utilities */ = {
			isa = PBXGroup;
			children = (
				4FD844B120512F14003DCAC3 /* Data.swift */,
				4F723E7E2063BC73009FB43B /* UISwitchCustom.swift */,
				4F9C95112068DFC9007F6AD3 /* Constants.swift */,
				4F9C951920694E12007F6AD3 /* LoadingIndicatorView.swift */,
			);
			path = Utilities;
			sourceTree = "<group>";
		};
		948D8A221231A17487C86013 /* Frameworks */ = {
			isa = PBXGroup;
			children = (
				FD2082BC56A66F16FFB9D963 /* Pods_TravelApp.framework */,
			);
			name = Frameworks;
			sourceTree = "<group>";
		};
/* End PBXGroup section */

/* Begin PBXNativeTarget section */
		4F1F63DA204EDA0800148499 /* TravelApp */ = {
			isa = PBXNativeTarget;
			buildConfigurationList = 4F1F63ED204EDA0800148499 /* Build configuration list for PBXNativeTarget "TravelApp" */;
			buildPhases = (
				90DF146FBFF9E37C65C96F6A /* [CP] Check Pods Manifest.lock */,
				4F1F63D7204EDA0800148499 /* Sources */,
				4F1F63D8204EDA0800148499 /* Frameworks */,
				4F1F63D9204EDA0800148499 /* Resources */,
				C3C48CB4D1FA1083B51CBA8B /* [CP] Embed Pods Frameworks */,
				32315776F9A1997DDFA464EA /* [CP] Copy Pods Resources */,
			);
			buildRules = (
			);
			dependencies = (
			);
			name = TravelApp;
			productName = TravelApp;
			productReference = 4F1F63DB204EDA0800148499 /* TravelApp.app */;
			productType = "com.apple.product-type.application";
		};
/* End PBXNativeTarget section */

/* Begin PBXProject section */
		4F1F63D3204EDA0800148499 /* Project object */ = {
			isa = PBXProject;
			attributes = {
				LastSwiftUpdateCheck = 0920;
				LastUpgradeCheck = 0920;
				ORGANIZATIONNAME = "Roger Florat";
				TargetAttributes = {
					4F1F63DA204EDA0800148499 = {
						CreatedOnToolsVersion = 9.2;
						ProvisioningStyle = Automatic;
					};
				};
			};
			buildConfigurationList = 4F1F63D6204EDA0800148499 /* Build configuration list for PBXProject "TravelApp" */;
			compatibilityVersion = "Xcode 8.0";
			developmentRegion = en;
			hasScannedForEncodings = 0;
			knownRegions = (
				en,
				Base,
			);
			mainGroup = 4F1F63D2204EDA0800148499;
			productRefGroup = 4F1F63DC204EDA0800148499 /* Products */;
			projectDirPath = "";
			projectRoot = "";
			targets = (
				4F1F63DA204EDA0800148499 /* TravelApp */,
			);
		};
/* End PBXProject section */

/* Begin PBXResourcesBuildPhase section */
		4F1F63D9204EDA0800148499 /* Resources */ = {
			isa = PBXResourcesBuildPhase;
			buildActionMask = 2147483647;
			files = (
				4F9A1C08205A6CAD002663EF /* RobotoSlab-Regular.ttf in Resources */,
				4F9A1C06205A6CAD002663EF /* RobotoSlab-Bold.ttf in Resources */,
				4F9C950F2068DBF1007F6AD3 /* GoogleService-Info.plist in Resources */,
				4F9A1C1B205A903C002663EF /* ActivityYouTableViewCell.xib in Resources */,
				4F9A1C09205A6CAD002663EF /* RobotoSlab-Thin.ttf in Resources */,
				4F9A1C07205A6CAD002663EF /* RobotoSlab-Light.ttf in Resources */,
				4F1F63E9204EDA0800148499 /* LaunchScreen.storyboard in Resources */,
				4F1F63E6204EDA0800148499 /* Assets.xcassets in Resources */,
				4F1F63E4204EDA0800148499 /* Main.storyboard in Resources */,
			);
			runOnlyForDeploymentPostprocessing = 0;
		};
/* End PBXResourcesBuildPhase section */

/* Begin PBXShellScriptBuildPhase section */
		32315776F9A1997DDFA464EA /* [CP] Copy Pods Resources */ = {
			isa = PBXShellScriptBuildPhase;
			buildActionMask = 2147483647;
			files = (
			);
			inputPaths = (
			);
			name = "[CP] Copy Pods Resources";
			outputPaths = (
			);
			runOnlyForDeploymentPostprocessing = 0;
			shellPath = /bin/sh;
			shellScript = "\"${SRCROOT}/Pods/Target Support Files/Pods-TravelApp/Pods-TravelApp-resources.sh\"\n";
			showEnvVarsInLog = 0;
		};
		90DF146FBFF9E37C65C96F6A /* [CP] Check Pods Manifest.lock */ = {
			isa = PBXShellScriptBuildPhase;
			buildActionMask = 2147483647;
			files = (
			);
			inputPaths = (
				"${PODS_PODFILE_DIR_PATH}/Podfile.lock",
				"${PODS_ROOT}/Manifest.lock",
			);
			name = "[CP] Check Pods Manifest.lock";
			outputPaths = (
				"$(DERIVED_FILE_DIR)/Pods-TravelApp-checkManifestLockResult.txt",
			);
			runOnlyForDeploymentPostprocessing = 0;
			shellPath = /bin/sh;
			shellScript = "diff \"${PODS_PODFILE_DIR_PATH}/Podfile.lock\" \"${PODS_ROOT}/Manifest.lock\" > /dev/null\nif [ $? != 0 ] ; then\n    # print error to STDERR\n    echo \"error: The sandbox is not in sync with the Podfile.lock. Run 'pod install' or update your CocoaPods installation.\" >&2\n    exit 1\nfi\n# This output is used by Xcode 'outputs' to avoid re-running this script phase.\necho \"SUCCESS\" > \"${SCRIPT_OUTPUT_FILE_0}\"\n";
			showEnvVarsInLog = 0;
		};
		C3C48CB4D1FA1083B51CBA8B /* [CP] Embed Pods Frameworks */ = {
			isa = PBXShellScriptBuildPhase;
			buildActionMask = 2147483647;
			files = (
			);
			inputPaths = (
				"${SRCROOT}/Pods/Target Support Files/Pods-TravelApp/Pods-TravelApp-frameworks.sh",
				"${BUILT_PRODUCTS_DIR}/AnimatedCollectionViewLayout/AnimatedCollectionViewLayout.framework",
				"${BUILT_PRODUCTS_DIR}/GTMSessionFetcher/GTMSessionFetcher.framework",
				"${BUILT_PRODUCTS_DIR}/GoogleToolboxForMac/GoogleToolboxForMac.framework",
				"${BUILT_PRODUCTS_DIR}/Spring/Spring.framework",
				"${BUILT_PRODUCTS_DIR}/XLPagerTabStrip/XLPagerTabStrip.framework",
				"${BUILT_PRODUCTS_DIR}/leveldb-library/leveldb.framework",
				"${BUILT_PRODUCTS_DIR}/nanopb/nanopb.framework",
			);
			name = "[CP] Embed Pods Frameworks";
			outputPaths = (
				"${TARGET_BUILD_DIR}/${FRAMEWORKS_FOLDER_PATH}/AnimatedCollectionViewLayout.framework",
				"${TARGET_BUILD_DIR}/${FRAMEWORKS_FOLDER_PATH}/GTMSessionFetcher.framework",
				"${TARGET_BUILD_DIR}/${FRAMEWORKS_FOLDER_PATH}/GoogleToolboxForMac.framework",
				"${TARGET_BUILD_DIR}/${FRAMEWORKS_FOLDER_PATH}/Spring.framework",
				"${TARGET_BUILD_DIR}/${FRAMEWORKS_FOLDER_PATH}/XLPagerTabStrip.framework",
				"${TARGET_BUILD_DIR}/${FRAMEWORKS_FOLDER_PATH}/leveldb.framework",
				"${TARGET_BUILD_DIR}/${FRAMEWORKS_FOLDER_PATH}/nanopb.framework",
			);
			runOnlyForDeploymentPostprocessing = 0;
			shellPath = /bin/sh;
			shellScript = "\"${SRCROOT}/Pods/Target Support Files/Pods-TravelApp/Pods-TravelApp-frameworks.sh\"\n";
			showEnvVarsInLog = 0;
		};
/* End PBXShellScriptBuildPhase section */

/* Begin PBXSourcesBuildPhase section */
		4F1F63D7204EDA0800148499 /* Sources */ = {
			isa = PBXSourcesBuildPhase;
			buildActionMask = 2147483647;
			files = (
				4FD844B220512F14003DCAC3 /* Data.swift in Sources */,
				4F9C95142068E5DF007F6AD3 /* AuthService.swift in Sources */,
				4F780C7D206A9AE800F2A1BB /* City.swift in Sources */,
				4FD814FA204FF3D900AE40B6 /* LoginViewController.swift in Sources */,
				4FD81501205029D600AE40B6 /* CountryCollectionViewCell.swift in Sources */,
				4F9C0A4A20567E1F00017A55 /* SpotCollectionViewCell.swift in Sources */,
				4F723E7F2063BC73009FB43B /* UISwitchCustom.swift in Sources */,
				4F9C95122068DFC9007F6AD3 /* Constants.swift in Sources */,
				4F723E8520640650009FB43B /* FiltersViewController.swift in Sources */,
				4F4FAD0820580A48006D2ADB /* ExploreViewController.swift in Sources */,
				4F1F63E1204EDA0800148499 /* SplashViewController.swift in Sources */,
				4F9C951A20694E12007F6AD3 /* LoadingIndicatorView.swift in Sources */,
				4F9A1C1A205A903C002663EF /* ActivityYouTableViewCell.swift in Sources */,
				4FC9189A206B9A2B00B7B32B /* Post.swift in Sources */,
				4FB07916205BBC9F001ABC55 /* ProfileTripsCollectionViewCell.swift in Sources */,
				4F1F63DF204EDA0800148499 /* AppDelegate.swift in Sources */,
				4F723E7B2063B383009FB43B /* TripsCollectionViewCell.swift in Sources */,
				4F14053E2052D13F00DE135D /* PhotosCollectionViewCell.swift in Sources */,
				4F9A1C0D205A7319002663EF /* ActivityYouViewController.swift in Sources */,
				4F14053C2052CF5700DE135D /* CityViewController.swift in Sources */,
				4FD814FC204FF66600AE40B6 /* RegisterViewController.swift in Sources */,
				4FECEF2A2056E311008006D9 /* PhotosViewController.swift in Sources */,
				4F691D7320627C01006CF28E /* SpotViewController.swift in Sources */,
				4FD844B6205194D0003DCAC3 /* CountryInfoViewController.swift in Sources */,
				4F7D12B0206CFCD7004F9096 /* PhotoGalleryViewController.swift in Sources */,
				4FD844B420513828003DCAC3 /* CountryViewController.swift in Sources */,
				4F9A1C0B205A6FE3002663EF /* ActivityViewController.swift in Sources */,
				4F4FAD0A20580A89006D2ADB /* ExploreCollectionViewCell.swift in Sources */,
				4F310FFE206BF36800D8E9F8 /* ExploreInfoViewController.swift in Sources */,
				4FD814FE205028E900AE40B6 /* MainViewController.swift in Sources */,
				4F723E832063F1CA009FB43B /* FeaturesCollectionViewCell.swift in Sources */,
				4F723E812063F086009FB43B /* ContinentCollectionViewCell.swift in Sources */,
				4F780C7B206A84D700F2A1BB /* Country.swift in Sources */,
				4F9C951820690AA1007F6AD3 /* DataService.swift in Sources */,
				4F7D12B2206D1BAF004F9096 /* PhotoGalleryCellCollectionViewCell.swift in Sources */,
				4F723E7D2063B3E1009FB43B /* ProfileEditViewController.swift in Sources */,
				4F9A1C1D205ADEA1002663EF /* ProfileViewController.swift in Sources */,
				4FECEF282056E2CC008006D9 /* NewsPhotoCollectionViewCell.swift in Sources */,
				4FC91898206B897F00B7B32B /* Spot.swift in Sources */,
				4F9C95162069002D007F6AD3 /* UtilitiesService.swift in Sources */,
				4F619F54205198660020DAB5 /* CountryInfoCollectionViewCell.swift in Sources */,
			);
			runOnlyForDeploymentPostprocessing = 0;
		};
/* End PBXSourcesBuildPhase section */

/* Begin PBXVariantGroup section */
		4F1F63E2204EDA0800148499 /* Main.storyboard */ = {
			isa = PBXVariantGroup;
			children = (
				4F1F63E3204EDA0800148499 /* Base */,
			);
			name = Main.storyboard;
			sourceTree = "<group>";
		};
		4F1F63E7204EDA0800148499 /* LaunchScreen.storyboard */ = {
			isa = PBXVariantGroup;
			children = (
				4F1F63E8204EDA0800148499 /* Base */,
			);
			name = LaunchScreen.storyboard;
			sourceTree = "<group>";
		};
/* End PBXVariantGroup section */

/* Begin XCBuildConfiguration section */
		4F1F63EB204EDA0800148499 /* Debug */ = {
			isa = XCBuildConfiguration;
			buildSettings = {
				ALWAYS_SEARCH_USER_PATHS = NO;
				CLANG_ANALYZER_NONNULL = YES;
				CLANG_ANALYZER_NUMBER_OBJECT_CONVERSION = YES_AGGRESSIVE;
				CLANG_CXX_LANGUAGE_STANDARD = "gnu++14";
				CLANG_CXX_LIBRARY = "libc++";
				CLANG_ENABLE_MODULES = YES;
				CLANG_ENABLE_OBJC_ARC = YES;
				CLANG_WARN_BLOCK_CAPTURE_AUTORELEASING = YES;
				CLANG_WARN_BOOL_CONVERSION = YES;
				CLANG_WARN_COMMA = YES;
				CLANG_WARN_CONSTANT_CONVERSION = YES;
				CLANG_WARN_DIRECT_OBJC_ISA_USAGE = YES_ERROR;
				CLANG_WARN_DOCUMENTATION_COMMENTS = YES;
				CLANG_WARN_EMPTY_BODY = YES;
				CLANG_WARN_ENUM_CONVERSION = YES;
				CLANG_WARN_INFINITE_RECURSION = YES;
				CLANG_WARN_INT_CONVERSION = YES;
				CLANG_WARN_NON_LITERAL_NULL_CONVERSION = YES;
				CLANG_WARN_OBJC_LITERAL_CONVERSION = YES;
				CLANG_WARN_OBJC_ROOT_CLASS = YES_ERROR;
				CLANG_WARN_RANGE_LOOP_ANALYSIS = YES;
				CLANG_WARN_STRICT_PROTOTYPES = YES;
				CLANG_WARN_SUSPICIOUS_MOVE = YES;
				CLANG_WARN_UNGUARDED_AVAILABILITY = YES_AGGRESSIVE;
				CLANG_WARN_UNREACHABLE_CODE = YES;
				CLANG_WARN__DUPLICATE_METHOD_MATCH = YES;
				CODE_SIGN_IDENTITY = "iPhone Developer";
				COPY_PHASE_STRIP = NO;
				DEBUG_INFORMATION_FORMAT = dwarf;
				ENABLE_STRICT_OBJC_MSGSEND = YES;
				ENABLE_TESTABILITY = YES;
				GCC_C_LANGUAGE_STANDARD = gnu11;
				GCC_DYNAMIC_NO_PIC = NO;
				GCC_NO_COMMON_BLOCKS = YES;
				GCC_OPTIMIZATION_LEVEL = 0;
				GCC_PREPROCESSOR_DEFINITIONS = (
					"DEBUG=1",
					"$(inherited)",
				);
				GCC_WARN_64_TO_32_BIT_CONVERSION = YES;
				GCC_WARN_ABOUT_RETURN_TYPE = YES_ERROR;
				GCC_WARN_UNDECLARED_SELECTOR = YES;
				GCC_WARN_UNINITIALIZED_AUTOS = YES_AGGRESSIVE;
				GCC_WARN_UNUSED_FUNCTION = YES;
				GCC_WARN_UNUSED_VARIABLE = YES;
				IPHONEOS_DEPLOYMENT_TARGET = 11.2;
				MTL_ENABLE_DEBUG_INFO = YES;
				ONLY_ACTIVE_ARCH = YES;
				SDKROOT = iphoneos;
				SWIFT_ACTIVE_COMPILATION_CONDITIONS = DEBUG;
				SWIFT_OPTIMIZATION_LEVEL = "-Onone";
			};
			name = Debug;
		};
		4F1F63EC204EDA0800148499 /* Release */ = {
			isa = XCBuildConfiguration;
			buildSettings = {
				ALWAYS_SEARCH_USER_PATHS = NO;
				CLANG_ANALYZER_NONNULL = YES;
				CLANG_ANALYZER_NUMBER_OBJECT_CONVERSION = YES_AGGRESSIVE;
				CLANG_CXX_LANGUAGE_STANDARD = "gnu++14";
				CLANG_CXX_LIBRARY = "libc++";
				CLANG_ENABLE_MODULES = YES;
				CLANG_ENABLE_OBJC_ARC = YES;
				CLANG_WARN_BLOCK_CAPTURE_AUTORELEASING = YES;
				CLANG_WARN_BOOL_CONVERSION = YES;
				CLANG_WARN_COMMA = YES;
				CLANG_WARN_CONSTANT_CONVERSION = YES;
				CLANG_WARN_DIRECT_OBJC_ISA_USAGE = YES_ERROR;
				CLANG_WARN_DOCUMENTATION_COMMENTS = YES;
				CLANG_WARN_EMPTY_BODY = YES;
				CLANG_WARN_ENUM_CONVERSION = YES;
				CLANG_WARN_INFINITE_RECURSION = YES;
				CLANG_WARN_INT_CONVERSION = YES;
				CLANG_WARN_NON_LITERAL_NULL_CONVERSION = YES;
				CLANG_WARN_OBJC_LITERAL_CONVERSION = YES;
				CLANG_WARN_OBJC_ROOT_CLASS = YES_ERROR;
				CLANG_WARN_RANGE_LOOP_ANALYSIS = YES;
				CLANG_WARN_STRICT_PROTOTYPES = YES;
				CLANG_WARN_SUSPICIOUS_MOVE = YES;
				CLANG_WARN_UNGUARDED_AVAILABILITY = YES_AGGRESSIVE;
				CLANG_WARN_UNREACHABLE_CODE = YES;
				CLANG_WARN__DUPLICATE_METHOD_MATCH = YES;
				CODE_SIGN_IDENTITY = "iPhone Developer";
				COPY_PHASE_STRIP = NO;
				DEBUG_INFORMATION_FORMAT = "dwarf-with-dsym";
				ENABLE_NS_ASSERTIONS = NO;
				ENABLE_STRICT_OBJC_MSGSEND = YES;
				GCC_C_LANGUAGE_STANDARD = gnu11;
				GCC_NO_COMMON_BLOCKS = YES;
				GCC_WARN_64_TO_32_BIT_CONVERSION = YES;
				GCC_WARN_ABOUT_RETURN_TYPE = YES_ERROR;
				GCC_WARN_UNDECLARED_SELECTOR = YES;
				GCC_WARN_UNINITIALIZED_AUTOS = YES_AGGRESSIVE;
				GCC_WARN_UNUSED_FUNCTION = YES;
				GCC_WARN_UNUSED_VARIABLE = YES;
				IPHONEOS_DEPLOYMENT_TARGET = 11.2;
				MTL_ENABLE_DEBUG_INFO = NO;
				SDKROOT = iphoneos;
				SWIFT_OPTIMIZATION_LEVEL = "-Owholemodule";
				VALIDATE_PRODUCT = YES;
			};
			name = Release;
		};
		4F1F63EE204EDA0800148499 /* Debug */ = {
			isa = XCBuildConfiguration;
			baseConfigurationReference = 0E3702EF7024C55F198118D5 /* Pods-TravelApp.debug.xcconfig */;
			buildSettings = {
				ASSETCATALOG_COMPILER_APPICON_NAME = AppIcon;
				"CODE_SIGN_IDENTITY[sdk=iphoneos*]" = "iPhone Developer";
				CODE_SIGN_STYLE = Automatic;
				DEVELOPMENT_TEAM = 4JN5ZWL7XP;
				INFOPLIST_FILE = TravelApp/Info.plist;
				LD_RUNPATH_SEARCH_PATHS = "$(inherited) @executable_path/Frameworks";
				PRODUCT_BUNDLE_IDENTIFIER = com.rogerflorat.TravelApp;
				PRODUCT_NAME = "$(TARGET_NAME)";
				PROVISIONING_PROFILE_SPECIFIER = "";
				SWIFT_VERSION = 4.0;
				TARGETED_DEVICE_FAMILY = 1;
			};
			name = Debug;
		};
		4F1F63EF204EDA0800148499 /* Release */ = {
			isa = XCBuildConfiguration;
			baseConfigurationReference = F0AE7DA23B02F7D0D2E31C8E /* Pods-TravelApp.release.xcconfig */;
			buildSettings = {
				ASSETCATALOG_COMPILER_APPICON_NAME = AppIcon;
				"CODE_SIGN_IDENTITY[sdk=iphoneos*]" = "iPhone Developer";
				CODE_SIGN_STYLE = Automatic;
				DEVELOPMENT_TEAM = 4JN5ZWL7XP;
				INFOPLIST_FILE = TravelApp/Info.plist;
				LD_RUNPATH_SEARCH_PATHS = "$(inherited) @executable_path/Frameworks";
				PRODUCT_BUNDLE_IDENTIFIER = com.rogerflorat.TravelApp;
				PRODUCT_NAME = "$(TARGET_NAME)";
				PROVISIONING_PROFILE_SPECIFIER = "";
				SWIFT_VERSION = 4.0;
				TARGETED_DEVICE_FAMILY = 1;
			};
			name = Release;
		};
/* End XCBuildConfiguration section */

/* Begin XCConfigurationList section */
		4F1F63D6204EDA0800148499 /* Build configuration list for PBXProject "TravelApp" */ = {
			isa = XCConfigurationList;
			buildConfigurations = (
				4F1F63EB204EDA0800148499 /* Debug */,
				4F1F63EC204EDA0800148499 /* Release */,
			);
			defaultConfigurationIsVisible = 0;
			defaultConfigurationName = Release;
		};
		4F1F63ED204EDA0800148499 /* Build configuration list for PBXNativeTarget "TravelApp" */ = {
			isa = XCConfigurationList;
			buildConfigurations = (
				4F1F63EE204EDA0800148499 /* Debug */,
				4F1F63EF204EDA0800148499 /* Release */,
			);
			defaultConfigurationIsVisible = 0;
			defaultConfigurationName = Release;
		};
/* End XCConfigurationList section */
	};
	rootObject = 4F1F63D3204EDA0800148499 /* Project object */;
}
